# This file is generated by running "yarn install" inside your project.
# Manual changes might be lost - proceed with caution!

__metadata:
  version: 8
  cacheKey: 10c0

"@anton2mihail/react-native-pincode@workspace:.":
  version: 0.0.0-use.local
  resolution: "@anton2mihail/react-native-pincode@workspace:."
  dependencies:
    "@types/react": "npm:^17.0.2"
    "@types/react-native": "npm:^0.63.4"
    typescript: "npm:^5.0.3"
  peerDependencies:
    react: ">=17.0.2"
    react-native: "*"
  languageName: unknown
  linkType: soft

"@types/prop-types@npm:*":
  version: 15.7.5
  resolution: "@types/prop-types@npm:15.7.5"
  checksum: 10c0/648aae41423821c61c83823ae36116c8d0f68258f8b609bdbc257752dcd616438d6343d554262aa9a7edaee5a19aca2e028a74fa2d0f40fffaf2816bc7056857
  languageName: node
  linkType: hard

"@types/react-native@npm:^0.63.4":
  version: 0.63.69
  resolution: "@types/react-native@npm:0.63.69"
  dependencies:
    "@types/react": "npm:^16"
  checksum: 10c0/62f9912b765c5cca3203116f8907e5787fb099170187968e3bec105f7c37d5640662fc1d3b7782b378162dba10cf276638637fc5e30469c4d611bb5f8bc3964d
  languageName: node
  linkType: hard

"@types/react@npm:^16":
  version: 16.14.40
  resolution: "@types/react@npm:16.14.40"
  dependencies:
    "@types/prop-types": "npm:*"
    "@types/scheduler": "npm:*"
    csstype: "npm:^3.0.2"
  checksum: 10c0/f5637b1bce24438f87df853a4c90b3bb4bd5f4064febb0e9a6d4d9e56dec38a6db349e4cf834ecfb5eaed265ac6e7107d957df6c5586af8fa62e1d578a5dbb06
  languageName: node
  linkType: hard

"@types/react@npm:^17.0.2":
  version: 17.0.58
  resolution: "@types/react@npm:17.0.58"
  dependencies:
    "@types/prop-types": "npm:*"
    "@types/scheduler": "npm:*"
    csstype: "npm:^3.0.2"
  checksum: 10c0/a7496271585836d9cc6e7ceb0c9cefd9ac828dd5ec70201d802f8954736e17f0464cd43fd8ef0f64d60276d3c2c9eff89c4d3532d50bb537061eb237e0db552b
  languageName: node
  linkType: hard

"@types/scheduler@npm:*":
  version: 0.16.3
  resolution: "@types/scheduler@npm:0.16.3"
  checksum: 10c0/c249d4b96fa05165ac22c214f94a045ee0af8beedefdbc54b769febd0044cab3a874e55419841a0dcc76439e379a63e257f3253c87168e3261e7bc783d623302
  languageName: node
  linkType: hard

"csstype@npm:^3.0.2":
  version: 3.1.2
  resolution: "csstype@npm:3.1.2"
  checksum: 10c0/32c038af259897c807ac738d9eab16b3d86747c72b09d5c740978e06f067f9b7b1737e1b75e407c7ab1fe1543dc95f20e202b4786aeb1b8d3bdf5d5ce655e6c6
  languageName: node
  linkType: hard

"typescript@npm:^5.0.3":
  version: 5.0.3
  resolution: "typescript@npm:5.0.3"
  bin:
    tsc: bin/tsc
    tsserver: bin/tsserver
  checksum: 10c0/13221c7f7dd2aa9cf8ac2fb1b5ca3825ff3d97a43b4656fd22ca36c0ec30179643b5157d620c3e4af9d3fc9234a571bd3ea175624b3d37c494d7ed159b038df2
  languageName: node
  linkType: hard

"typescript@patch:typescript@npm%3A^5.0.3#optional!builtin<compat/typescript>":
  version: 5.0.3
  resolution: "typescript@patch:typescript@npm%3A5.0.3#optional!builtin<compat/typescript>::version=5.0.3&hash=b5f058"
  bin:
    tsc: bin/tsc
    tsserver: bin/tsserver
  checksum: 10c0/381de1b58d2deb6443cc7d23365b4db36de8360dfc4f4d295ca2fdb0e01687711fb541478838fb9326da315baf6967d616c745d990f2c362036b337a12b18255
  languageName: node
  linkType: hard
